// !$*UTF8*$!
{
	archiveVersion = 1;
	classes = {
	};
	objectVersion = 50;
	objects = {

/* Begin PBXBuildFile section */
		323CA0E0247ADCAF00CF0280 /* MainViewController.swift in Sources */ = {isa = PBXBuildFile; fileRef = 323CA0DF247ADCAF00CF0280 /* MainViewController.swift */; };
		323CA0E2247AE3AE00CF0280 /* Constants.swift in Sources */ = {isa = PBXBuildFile; fileRef = 323CA0E1247AE3AE00CF0280 /* Constants.swift */; };
		323CA0E4247AEFC900CF0280 /* BackButton.swift in Sources */ = {isa = PBXBuildFile; fileRef = 323CA0E3247AEFC900CF0280 /* BackButton.swift */; };
		32BAD4642479669D00F01E34 /* OneCatViewController.swift in Sources */ = {isa = PBXBuildFile; fileRef = 32BAD4632479669D00F01E34 /* OneCatViewController.swift */; };
		32BAD46A2479F7CF00F01E34 /* UILabels.swift in Sources */ = {isa = PBXBuildFile; fileRef = 32BAD4692479F7CF00F01E34 /* UILabels.swift */; };
		32BAD46C247A948000F01E34 /* SeparatorView.swift in Sources */ = {isa = PBXBuildFile; fileRef = 32BAD46B247A948000F01E34 /* SeparatorView.swift */; };
		32D6E51524617FE20052FE2E /* AppDelegate.swift in Sources */ = {isa = PBXBuildFile; fileRef = 32D6E51424617FE20052FE2E /* AppDelegate.swift */; };
		32D6E51724617FE20052FE2E /* SceneDelegate.swift in Sources */ = {isa = PBXBuildFile; fileRef = 32D6E51624617FE20052FE2E /* SceneDelegate.swift */; };
		32D6E51924617FE20052FE2E /* CatsCollectionViewController.swift in Sources */ = {isa = PBXBuildFile; fileRef = 32D6E51824617FE20052FE2E /* CatsCollectionViewController.swift */; };
		32D6E51C24617FE20052FE2E /* Main.storyboard in Resources */ = {isa = PBXBuildFile; fileRef = 32D6E51A24617FE20052FE2E /* Main.storyboard */; };
		32D6E51E24617FE30052FE2E /* Assets.xcassets in Resources */ = {isa = PBXBuildFile; fileRef = 32D6E51D24617FE30052FE2E /* Assets.xcassets */; };
		32D6E52124617FE30052FE2E /* LaunchScreen.storyboard in Resources */ = {isa = PBXBuildFile; fileRef = 32D6E51F24617FE30052FE2E /* LaunchScreen.storyboard */; };
		32D6E52B246180A70052FE2E /* CatsManager.swift in Sources */ = {isa = PBXBuildFile; fileRef = 32D6E52A246180A70052FE2E /* CatsManager.swift */; };
		32D6E5322461C4AF0052FE2E /* CatsData.swift in Sources */ = {isa = PBXBuildFile; fileRef = 32D6E5312461C4AF0052FE2E /* CatsData.swift */; };
		32D6E5342461C7CF0052FE2E /* CatsModel.swift in Sources */ = {isa = PBXBuildFile; fileRef = 32D6E5332461C7CF0052FE2E /* CatsModel.swift */; };
		32EB90522473F0CB00E73CAC /* CatsCollectionView.swift in Sources */ = {isa = PBXBuildFile; fileRef = 32EB90512473F0CB00E73CAC /* CatsCollectionView.swift */; };
		32EB90542474388600E73CAC /* CatsCollectionViewCell.swift in Sources */ = {isa = PBXBuildFile; fileRef = 32EB90532474388600E73CAC /* CatsCollectionViewCell.swift */; };
		32EB90562476D56A00E73CAC /* UIImageView.swift in Sources */ = {isa = PBXBuildFile; fileRef = 32EB90552476D56A00E73CAC /* UIImageView.swift */; };
		32EB905B2476F1B700E73CAC /* CatModel.swift in Sources */ = {isa = PBXBuildFile; fileRef = 32EB905A2476F1B700E73CAC /* CatModel.swift */; };
		32EB905D2476F21600E73CAC /* CatData.swift in Sources */ = {isa = PBXBuildFile; fileRef = 32EB905C2476F21600E73CAC /* CatData.swift */; };
		32EB905F2476F2C000E73CAC /* CatManager.swift in Sources */ = {isa = PBXBuildFile; fileRef = 32EB905E2476F2C000E73CAC /* CatManager.swift */; };
/* End PBXBuildFile section */

/* Begin PBXFileReference section */
		323CA0DF247ADCAF00CF0280 /* MainViewController.swift */ = {isa = PBXFileReference; lastKnownFileType = sourcecode.swift; path = MainViewController.swift; sourceTree = "<group>"; };
		323CA0E1247AE3AE00CF0280 /* Constants.swift */ = {isa = PBXFileReference; lastKnownFileType = sourcecode.swift; path = Constants.swift; sourceTree = "<group>"; };
		323CA0E3247AEFC900CF0280 /* BackButton.swift */ = {isa = PBXFileReference; lastKnownFileType = sourcecode.swift; path = BackButton.swift; sourceTree = "<group>"; };
		32BAD4632479669D00F01E34 /* OneCatViewController.swift */ = {isa = PBXFileReference; lastKnownFileType = sourcecode.swift; path = OneCatViewController.swift; sourceTree = "<group>"; };
		32BAD4692479F7CF00F01E34 /* UILabels.swift */ = {isa = PBXFileReference; lastKnownFileType = sourcecode.swift; path = UILabels.swift; sourceTree = "<group>"; };
		32BAD46B247A948000F01E34 /* SeparatorView.swift */ = {isa = PBXFileReference; lastKnownFileType = sourcecode.swift; path = SeparatorView.swift; sourceTree = "<group>"; };
		32D6E51124617FE20052FE2E /* UltimateCat.app */ = {isa = PBXFileReference; explicitFileType = wrapper.application; includeInIndex = 0; path = UltimateCat.app; sourceTree = BUILT_PRODUCTS_DIR; };
		32D6E51424617FE20052FE2E /* AppDelegate.swift */ = {isa = PBXFileReference; lastKnownFileType = sourcecode.swift; path = AppDelegate.swift; sourceTree = "<group>"; };
		32D6E51624617FE20052FE2E /* SceneDelegate.swift */ = {isa = PBXFileReference; lastKnownFileType = sourcecode.swift; path = SceneDelegate.swift; sourceTree = "<group>"; };
		32D6E51824617FE20052FE2E /* CatsCollectionViewController.swift */ = {isa = PBXFileReference; lastKnownFileType = sourcecode.swift; path = CatsCollectionViewController.swift; sourceTree = "<group>"; };
		32D6E51B24617FE20052FE2E /* Base */ = {isa = PBXFileReference; lastKnownFileType = file.storyboard; name = Base; path = Base.lproj/Main.storyboard; sourceTree = "<group>"; };
		32D6E51D24617FE30052FE2E /* Assets.xcassets */ = {isa = PBXFileReference; lastKnownFileType = folder.assetcatalog; path = Assets.xcassets; sourceTree = "<group>"; };
		32D6E52024617FE30052FE2E /* Base */ = {isa = PBXFileReference; lastKnownFileType = file.storyboard; name = Base; path = Base.lproj/LaunchScreen.storyboard; sourceTree = "<group>"; };
		32D6E52224617FE30052FE2E /* Info.plist */ = {isa = PBXFileReference; lastKnownFileType = text.plist.xml; path = Info.plist; sourceTree = "<group>"; };
		32D6E52A246180A70052FE2E /* CatsManager.swift */ = {isa = PBXFileReference; lastKnownFileType = sourcecode.swift; path = CatsManager.swift; sourceTree = "<group>"; };
		32D6E5312461C4AF0052FE2E /* CatsData.swift */ = {isa = PBXFileReference; lastKnownFileType = sourcecode.swift; path = CatsData.swift; sourceTree = "<group>"; };
		32D6E5332461C7CF0052FE2E /* CatsModel.swift */ = {isa = PBXFileReference; lastKnownFileType = sourcecode.swift; path = CatsModel.swift; sourceTree = "<group>"; };
		32EB90512473F0CB00E73CAC /* CatsCollectionView.swift */ = {isa = PBXFileReference; lastKnownFileType = sourcecode.swift; path = CatsCollectionView.swift; sourceTree = "<group>"; };
		32EB90532474388600E73CAC /* CatsCollectionViewCell.swift */ = {isa = PBXFileReference; lastKnownFileType = sourcecode.swift; path = CatsCollectionViewCell.swift; sourceTree = "<group>"; };
		32EB90552476D56A00E73CAC /* UIImageView.swift */ = {isa = PBXFileReference; lastKnownFileType = sourcecode.swift; path = UIImageView.swift; sourceTree = "<group>"; };
		32EB905A2476F1B700E73CAC /* CatModel.swift */ = {isa = PBXFileReference; lastKnownFileType = sourcecode.swift; path = CatModel.swift; sourceTree = "<group>"; };
		32EB905C2476F21600E73CAC /* CatData.swift */ = {isa = PBXFileReference; lastKnownFileType = sourcecode.swift; path = CatData.swift; sourceTree = "<group>"; };
		32EB905E2476F2C000E73CAC /* CatManager.swift */ = {isa = PBXFileReference; lastKnownFileType = sourcecode.swift; path = CatManager.swift; sourceTree = "<group>"; };
/* End PBXFileReference section */

/* Begin PBXFrameworksBuildPhase section */
		32D6E50E24617FE20052FE2E /* Frameworks */ = {
			isa = PBXFrameworksBuildPhase;
			buildActionMask = 2147483647;
			files = (
			);
			runOnlyForDeploymentPostprocessing = 0;
		};
/* End PBXFrameworksBuildPhase section */

/* Begin PBXGroup section */
		32D6E50824617FE20052FE2E = {
			isa = PBXGroup;
			children = (
				32D6E51324617FE20052FE2E /* UltimateCat */,
				32D6E51224617FE20052FE2E /* Products */,
			);
			sourceTree = "<group>";
		};
		32D6E51224617FE20052FE2E /* Products */ = {
			isa = PBXGroup;
			children = (
				32D6E51124617FE20052FE2E /* UltimateCat.app */,
			);
			name = Products;
			sourceTree = "<group>";
		};
		32D6E51324617FE20052FE2E /* UltimateCat */ = {
			isa = PBXGroup;
			children = (
				32D6E51424617FE20052FE2E /* AppDelegate.swift */,
				32D6E51624617FE20052FE2E /* SceneDelegate.swift */,
				32D6E52C246182FC0052FE2E /* Model */,
				32D6E528246180050052FE2E /* View */,
				32D6E529246180100052FE2E /* Controller */,
				32EB90572476D5AB00E73CAC /* Custom Classes */,
				32D6E51D24617FE30052FE2E /* Assets.xcassets */,
				32D6E51F24617FE30052FE2E /* LaunchScreen.storyboard */,
				32D6E52224617FE30052FE2E /* Info.plist */,
			);
			path = UltimateCat;
			sourceTree = "<group>";
		};
		32D6E528246180050052FE2E /* View */ = {
			isa = PBXGroup;
			children = (
				32D6E51A24617FE20052FE2E /* Main.storyboard */,
				32EB90512473F0CB00E73CAC /* CatsCollectionView.swift */,
				32EB90532474388600E73CAC /* CatsCollectionViewCell.swift */,
			);
			path = View;
			sourceTree = "<group>";
		};
		32D6E529246180100052FE2E /* Controller */ = {
			isa = PBXGroup;
			children = (
				32D6E51824617FE20052FE2E /* CatsCollectionViewController.swift */,
				32BAD4632479669D00F01E34 /* OneCatViewController.swift */,
				323CA0DF247ADCAF00CF0280 /* MainViewController.swift */,
			);
			path = Controller;
			sourceTree = "<group>";
		};
		32D6E52C246182FC0052FE2E /* Model */ = {
			isa = PBXGroup;
			children = (
				32D6E52A246180A70052FE2E /* CatsManager.swift */,
				32D6E5312461C4AF0052FE2E /* CatsData.swift */,
				32D6E5332461C7CF0052FE2E /* CatsModel.swift */,
				32EB905E2476F2C000E73CAC /* CatManager.swift */,
				32EB905A2476F1B700E73CAC /* CatModel.swift */,
				32EB905C2476F21600E73CAC /* CatData.swift */,
				323CA0E1247AE3AE00CF0280 /* Constants.swift */,
			);
			path = Model;
			sourceTree = "<group>";
		};
		32EB90572476D5AB00E73CAC /* Custom Classes */ = {
			isa = PBXGroup;
			children = (
				32EB90552476D56A00E73CAC /* UIImageView.swift */,
				32BAD4692479F7CF00F01E34 /* UILabels.swift */,
				32BAD46B247A948000F01E34 /* SeparatorView.swift */,
				323CA0E3247AEFC900CF0280 /* BackButton.swift */,
			);
			path = "Custom Classes";
			sourceTree = "<group>";
		};
/* End PBXGroup section */

/* Begin PBXNativeTarget section */
		32D6E51024617FE20052FE2E /* UltimateCat */ = {
			isa = PBXNativeTarget;
			buildConfigurationList = 32D6E52524617FE30052FE2E /* Build configuration list for PBXNativeTarget "UltimateCat" */;
			buildPhases = (
				32D6E50D24617FE20052FE2E /* Sources */,
				32D6E50E24617FE20052FE2E /* Frameworks */,
				32D6E50F24617FE20052FE2E /* Resources */,
			);
			buildRules = (
			);
			dependencies = (
			);
			name = UltimateCat;
			productName = UltimateCat;
			productReference = 32D6E51124617FE20052FE2E /* UltimateCat.app */;
			productType = "com.apple.product-type.application";
		};
/* End PBXNativeTarget section */

/* Begin PBXProject section */
		32D6E50924617FE20052FE2E /* Project object */ = {
			isa = PBXProject;
			attributes = {
				LastSwiftUpdateCheck = 1140;
				LastUpgradeCheck = 1140;
				ORGANIZATIONNAME = DiMa;
				TargetAttributes = {
					32D6E51024617FE20052FE2E = {
						CreatedOnToolsVersion = 11.4.1;
					};
				};
			};
			buildConfigurationList = 32D6E50C24617FE20052FE2E /* Build configuration list for PBXProject "UltimateCat" */;
			compatibilityVersion = "Xcode 9.3";
			developmentRegion = en;
			hasScannedForEncodings = 0;
			knownRegions = (
				en,
				Base,
			);
			mainGroup = 32D6E50824617FE20052FE2E;
			productRefGroup = 32D6E51224617FE20052FE2E /* Products */;
			projectDirPath = "";
			projectRoot = "";
			targets = (
				32D6E51024617FE20052FE2E /* UltimateCat */,
			);
		};
/* End PBXProject section */

/* Begin PBXResourcesBuildPhase section */
		32D6E50F24617FE20052FE2E /* Resources */ = {
			isa = PBXResourcesBuildPhase;
			buildActionMask = 2147483647;
			files = (
				32D6E52124617FE30052FE2E /* LaunchScreen.storyboard in Resources */,
				32D6E51E24617FE30052FE2E /* Assets.xcassets in Resources */,
				32D6E51C24617FE20052FE2E /* Main.storyboard in Resources */,
			);
			runOnlyForDeploymentPostprocessing = 0;
		};
/* End PBXResourcesBuildPhase section */

/* Begin PBXSourcesBuildPhase section */
		32D6E50D24617FE20052FE2E /* Sources */ = {
			isa = PBXSourcesBuildPhase;
			buildActionMask = 2147483647;
			files = (
				323CA0E4247AEFC900CF0280 /* BackButton.swift in Sources */,
				32EB905B2476F1B700E73CAC /* CatModel.swift in Sources */,
				323CA0E2247AE3AE00CF0280 /* Constants.swift in Sources */,
				32D6E51924617FE20052FE2E /* CatsCollectionViewController.swift in Sources */,
				32EB90542474388600E73CAC /* CatsCollectionViewCell.swift in Sources */,
				32D6E51524617FE20052FE2E /* AppDelegate.swift in Sources */,
				32BAD46C247A948000F01E34 /* SeparatorView.swift in Sources */,
				32BAD4642479669D00F01E34 /* OneCatViewController.swift in Sources */,
				32BAD46A2479F7CF00F01E34 /* UILabels.swift in Sources */,
				32D6E52B246180A70052FE2E /* CatsManager.swift in Sources */,
				32EB90562476D56A00E73CAC /* UIImageView.swift in Sources */,
				32EB90522473F0CB00E73CAC /* CatsCollectionView.swift in Sources */,
				32D6E5322461C4AF0052FE2E /* CatsData.swift in Sources */,
				32D6E5342461C7CF0052FE2E /* CatsModel.swift in Sources */,
				32D6E51724617FE20052FE2E /* SceneDelegate.swift in Sources */,
				32EB905D2476F21600E73CAC /* CatData.swift in Sources */,
				323CA0E0247ADCAF00CF0280 /* MainViewController.swift in Sources */,
				32EB905F2476F2C000E73CAC /* CatManager.swift in Sources */,
			);
			runOnlyForDeploymentPostprocessing = 0;
		};
/* End PBXSourcesBuildPhase section */

/* Begin PBXVariantGroup section */
		32D6E51A24617FE20052FE2E /* Main.storyboard */ = {
			isa = PBXVariantGroup;
			children = (
				32D6E51B24617FE20052FE2E /* Base */,
			);
			name = Main.storyboard;
			sourceTree = "<group>";
		};
		32D6E51F24617FE30052FE2E /* LaunchScreen.storyboard */ = {
			isa = PBXVariantGroup;
			children = (
				32D6E52024617FE30052FE2E /* Base */,
			);
			name = LaunchScreen.storyboard;
			sourceTree = "<group>";
		};
/* End PBXVariantGroup section */

/* Begin XCBuildConfiguration section */
		32D6E52324617FE30052FE2E /* Debug */ = {
			isa = XCBuildConfiguration;
			buildSettings = {
				ALWAYS_SEARCH_USER_PATHS = NO;
				CLANG_ANALYZER_NONNULL = YES;
				CLANG_ANALYZER_NUMBER_OBJECT_CONVERSION = YES_AGGRESSIVE;
				CLANG_CXX_LANGUAGE_STANDARD = "gnu++14";
				CLANG_CXX_LIBRARY = "libc++";
				CLANG_ENABLE_MODULES = YES;
				CLANG_ENABLE_OBJC_ARC = YES;
				CLANG_ENABLE_OBJC_WEAK = YES;
				CLANG_WARN_BLOCK_CAPTURE_AUTORELEASING = YES;
				CLANG_WARN_BOOL_CONVERSION = YES;
				CLANG_WARN_COMMA = YES;
				CLANG_WARN_CONSTANT_CONVERSION = YES;
				CLANG_WARN_DEPRECATED_OBJC_IMPLEMENTATIONS = YES;
				CLANG_WARN_DIRECT_OBJC_ISA_USAGE = YES_ERROR;
				CLANG_WARN_DOCUMENTATION_COMMENTS = YES;
				CLANG_WARN_EMPTY_BODY = YES;
				CLANG_WARN_ENUM_CONVERSION = YES;
				CLANG_WARN_INFINITE_RECURSION = YES;
				CLANG_WARN_INT_CONVERSION = YES;
				CLANG_WARN_NON_LITERAL_NULL_CONVERSION = YES;
				CLANG_WARN_OBJC_IMPLICIT_RETAIN_SELF = YES;
				CLANG_WARN_OBJC_LITERAL_CONVERSION = YES;
				CLANG_WARN_OBJC_ROOT_CLASS = YES_ERROR;
				CLANG_WARN_RANGE_LOOP_ANALYSIS = YES;
				CLANG_WARN_STRICT_PROTOTYPES = YES;
				CLANG_WARN_SUSPICIOUS_MOVE = YES;
				CLANG_WARN_UNGUARDED_AVAILABILITY = YES_AGGRESSIVE;
				CLANG_WARN_UNREACHABLE_CODE = YES;
				CLANG_WARN__DUPLICATE_METHOD_MATCH = YES;
				COPY_PHASE_STRIP = NO;
				DEBUG_INFORMATION_FORMAT = dwarf;
				ENABLE_STRICT_OBJC_MSGSEND = YES;
				ENABLE_TESTABILITY = YES;
				GCC_C_LANGUAGE_STANDARD = gnu11;
				GCC_DYNAMIC_NO_PIC = NO;
				GCC_NO_COMMON_BLOCKS = YES;
				GCC_OPTIMIZATION_LEVEL = 0;
				GCC_PREPROCESSOR_DEFINITIONS = (
					"DEBUG=1",
					"$(inherited)",
				);
				GCC_WARN_64_TO_32_BIT_CONVERSION = YES;
				GCC_WARN_ABOUT_RETURN_TYPE = YES_ERROR;
				GCC_WARN_UNDECLARED_SELECTOR = YES;
				GCC_WARN_UNINITIALIZED_AUTOS = YES_AGGRESSIVE;
				GCC_WARN_UNUSED_FUNCTION = YES;
				GCC_WARN_UNUSED_VARIABLE = YES;
				IPHONEOS_DEPLOYMENT_TARGET = 13.4;
				MTL_ENABLE_DEBUG_INFO = INCLUDE_SOURCE;
				MTL_FAST_MATH = YES;
				ONLY_ACTIVE_ARCH = YES;
				SDKROOT = iphoneos;
				SWIFT_ACTIVE_COMPILATION_CONDITIONS = DEBUG;
				SWIFT_OPTIMIZATION_LEVEL = "-Onone";
			};
			name = Debug;
		};
		32D6E52424617FE30052FE2E /* Release */ = {
			isa = XCBuildConfiguration;
			buildSettings = {
				ALWAYS_SEARCH_USER_PATHS = NO;
				CLANG_ANALYZER_NONNULL = YES;
				CLANG_ANALYZER_NUMBER_OBJECT_CONVERSION = YES_AGGRESSIVE;
				CLANG_CXX_LANGUAGE_STANDARD = "gnu++14";
				CLANG_CXX_LIBRARY = "libc++";
				CLANG_ENABLE_MODULES = YES;
				CLANG_ENABLE_OBJC_ARC = YES;
				CLANG_ENABLE_OBJC_WEAK = YES;
				CLANG_WARN_BLOCK_CAPTURE_AUTORELEASING = YES;
				CLANG_WARN_BOOL_CONVERSION = YES;
				CLANG_WARN_COMMA = YES;
				CLANG_WARN_CONSTANT_CONVERSION = YES;
				CLANG_WARN_DEPRECATED_OBJC_IMPLEMENTATIONS = YES;
				CLANG_WARN_DIRECT_OBJC_ISA_USAGE = YES_ERROR;
				CLANG_WARN_DOCUMENTATION_COMMENTS = YES;
				CLANG_WARN_EMPTY_BODY = YES;
				CLANG_WARN_ENUM_CONVERSION = YES;
				CLANG_WARN_INFINITE_RECURSION = YES;
				CLANG_WARN_INT_CONVERSION = YES;
				CLANG_WARN_NON_LITERAL_NULL_CONVERSION = YES;
				CLANG_WARN_OBJC_IMPLICIT_RETAIN_SELF = YES;
				CLANG_WARN_OBJC_LITERAL_CONVERSION = YES;
				CLANG_WARN_OBJC_ROOT_CLASS = YES_ERROR;
				CLANG_WARN_RANGE_LOOP_ANALYSIS = YES;
				CLANG_WARN_STRICT_PROTOTYPES = YES;
				CLANG_WARN_SUSPICIOUS_MOVE = YES;
				CLANG_WARN_UNGUARDED_AVAILABILITY = YES_AGGRESSIVE;
				CLANG_WARN_UNREACHABLE_CODE = YES;
				CLANG_WARN__DUPLICATE_METHOD_MATCH = YES;
				COPY_PHASE_STRIP = NO;
				DEBUG_INFORMATION_FORMAT = "dwarf-with-dsym";
				ENABLE_NS_ASSERTIONS = NO;
				ENABLE_STRICT_OBJC_MSGSEND = YES;
				GCC_C_LANGUAGE_STANDARD = gnu11;
				GCC_NO_COMMON_BLOCKS = YES;
				GCC_WARN_64_TO_32_BIT_CONVERSION = YES;
				GCC_WARN_ABOUT_RETURN_TYPE = YES_ERROR;
				GCC_WARN_UNDECLARED_SELECTOR = YES;
				GCC_WARN_UNINITIALIZED_AUTOS = YES_AGGRESSIVE;
				GCC_WARN_UNUSED_FUNCTION = YES;
				GCC_WARN_UNUSED_VARIABLE = YES;
				IPHONEOS_DEPLOYMENT_TARGET = 13.4;
				MTL_ENABLE_DEBUG_INFO = NO;
				MTL_FAST_MATH = YES;
				SDKROOT = iphoneos;
				SWIFT_COMPILATION_MODE = wholemodule;
				SWIFT_OPTIMIZATION_LEVEL = "-O";
				VALIDATE_PRODUCT = YES;
			};
			name = Release;
		};
		32D6E52624617FE30052FE2E /* Debug */ = {
			isa = XCBuildConfiguration;
			buildSettings = {
				ASSETCATALOG_COMPILER_APPICON_NAME = AppIcon;
				CODE_SIGN_STYLE = Automatic;
				DEVELOPMENT_TEAM = R5CC8T975N;
				INFOPLIST_FILE = UltimateCat/Info.plist;
				LD_RUNPATH_SEARCH_PATHS = (
					"$(inherited)",
					"@executable_path/Frameworks",
				);
				PRODUCT_BUNDLE_IDENTIFIER = com.Dima.UltimateCat;
				PRODUCT_NAME = "$(TARGET_NAME)";
				SWIFT_VERSION = 5.0;
				TARGETED_DEVICE_FAMILY = 1;
			};
			name = Debug;
		};
		32D6E52724617FE30052FE2E /* Release */ = {
			isa = XCBuildConfiguration;
			buildSettings = {
				ASSETCATALOG_COMPILER_APPICON_NAME = AppIcon;
				CODE_SIGN_STYLE = Automatic;
				DEVELOPMENT_TEAM = R5CC8T975N;
				INFOPLIST_FILE = UltimateCat/Info.plist;
				LD_RUNPATH_SEARCH_PATHS = (
					"$(inherited)",
					"@executable_path/Frameworks",
				);
				PRODUCT_BUNDLE_IDENTIFIER = com.Dima.UltimateCat;
				PRODUCT_NAME = "$(TARGET_NAME)";
				SWIFT_VERSION = 5.0;
				TARGETED_DEVICE_FAMILY = 1;
			};
			name = Release;
		};
/* End XCBuildConfiguration section */

/* Begin XCConfigurationList section */
		32D6E50C24617FE20052FE2E /* Build configuration list for PBXProject "UltimateCat" */ = {
			isa = XCConfigurationList;
			buildConfigurations = (
				32D6E52324617FE30052FE2E /* Debug */,
				32D6E52424617FE30052FE2E /* Release */,
			);
			defaultConfigurationIsVisible = 0;
			defaultConfigurationName = Release;
		};
		32D6E52524617FE30052FE2E /* Build configuration list for PBXNativeTarget "UltimateCat" */ = {
			isa = XCConfigurationList;
			buildConfigurations = (
				32D6E52624617FE30052FE2E /* Debug */,
				32D6E52724617FE30052FE2E /* Release */,
			);
			defaultConfigurationIsVisible = 0;
			defaultConfigurationName = Release;
		};
/* End XCConfigurationList section */
	};
	rootObject = 32D6E50924617FE20052FE2E /* Project object */;
}
